
Microsoft Visual Studio Solution File, Format Version 12.00
# Visual Studio 15
VisualStudioVersion = 15.0.28306.52
MinimumVisualStudioVersion = 10.0.40219.1
Project("{8BC9CEB8-8B4A-11D0-8D11-00A0C91BC942}") = "Task_Soldatiki", "Task_Soldatiki\Task_Soldatiki.vcxproj", "{1C6FFF0D-49BF-4C65-A495-3B5CB34B832A}"
EndProject
Global
	GlobalSection(SolutionConfigurationPlatforms) = preSolution
		Debug|x64 = Debug|x64
		Debug|x86 = Debug|x86
		Release|x64 = Release|x64
		Release|x86 = Release|x86
	EndGlobalSection
	GlobalSection(ProjectConfigurationPlatforms) = postSolution
		{1C6FFF0D-49BF-4C65-A495-3B5CB34B832A}.Debug|x64.ActiveCfg = Debug|x64
		{1C6FFF0D-49BF-4C65-A495-3B5CB34B832A}.Debug|x64.Build.0 = Debug|x64
		{1C6FFF0D-49BF-4C65-A495-3B5CB34B832A}.Debug|x86.ActiveCfg = Debug|Win32
		{1C6FFF0D-49BF-4C65-A495-3B5CB34B832A}.Debug|x86.Build.0 = Debug|Win32
		{1C6FFF0D-49BF-4C65-A495-3B5CB34B832A}.Release|x64.ActiveCfg = Release|x64
		{1C6FFF0D-49BF-4C65-A495-3B5CB34B832A}.Release|x64.Build.0 = Release|x64
		{1C6FFF0D-49BF-4C65-A495-3B5CB34B832A}.Release|x86.ActiveCfg = Release|Win32
		{1C6FFF0D-49BF-4C65-A495-3B5CB34B832A}.Release|x86.Build.0 = Release|Win32
	EndGlobalSection
	GlobalSection(SolutionProperties) = preSolution
		HideSolutionNode = FALSE
	EndGlobalSection
	GlobalSection(ExtensibilityGlobals) = postSolution
		SolutionGuid = {7774EE9D-D82A-40D4-98EC-569EFDA2866E}
	EndGlobalSection
EndGlobal
